// !$*UTF8*$!
{
	archiveVersion = 1;
	classes = {
	};
	objectVersion = 55;
	objects = {

/* Begin PBXBuildFile section */
		A22C1F062881973D008A1137 /* learn_swiftApp.swift in Sources */ = {isa = PBXBuildFile; fileRef = A22C1F052881973D008A1137 /* learn_swiftApp.swift */; };
		A22C1F082881973D008A1137 /* ContentView.swift in Sources */ = {isa = PBXBuildFile; fileRef = A22C1F072881973D008A1137 /* ContentView.swift */; };
		A22C1F0A2881973F008A1137 /* Assets.xcassets in Resources */ = {isa = PBXBuildFile; fileRef = A22C1F092881973F008A1137 /* Assets.xcassets */; };
		A22C1F0D2881973F008A1137 /* Preview Assets.xcassets in Resources */ = {isa = PBXBuildFile; fileRef = A22C1F0C2881973F008A1137 /* Preview Assets.xcassets */; };
		A22C1F172881973F008A1137 /* learn_swiftTests.swift in Sources */ = {isa = PBXBuildFile; fileRef = A22C1F162881973F008A1137 /* learn_swiftTests.swift */; };
		A22C1F212881973F008A1137 /* learn_swiftUITests.swift in Sources */ = {isa = PBXBuildFile; fileRef = A22C1F202881973F008A1137 /* learn_swiftUITests.swift */; };
		A22C1F232881973F008A1137 /* learn_swiftUITestsLaunchTests.swift in Sources */ = {isa = PBXBuildFile; fileRef = A22C1F222881973F008A1137 /* learn_swiftUITestsLaunchTests.swift */; };
		A22C1F3028819ADE008A1137 /* HomePage.swift in Sources */ = {isa = PBXBuildFile; fileRef = A22C1F2F28819ADE008A1137 /* HomePage.swift */; };
/* End PBXBuildFile section */

/* Begin PBXContainerItemProxy section */
		A22C1F132881973F008A1137 /* PBXContainerItemProxy */ = {
			isa = PBXContainerItemProxy;
			containerPortal = A22C1EFA2881973D008A1137 /* Project object */;
			proxyType = 1;
			remoteGlobalIDString = A22C1F012881973D008A1137;
			remoteInfo = learn_swift;
		};
		A22C1F1D2881973F008A1137 /* PBXContainerItemProxy */ = {
			isa = PBXContainerItemProxy;
			containerPortal = A22C1EFA2881973D008A1137 /* Project object */;
			proxyType = 1;
			remoteGlobalIDString = A22C1F012881973D008A1137;
			remoteInfo = learn_swift;
		};
/* End PBXContainerItemProxy section */

/* Begin PBXFileReference section */
		A22C1F022881973D008A1137 /* learn_swift.app */ = {isa = PBXFileReference; explicitFileType = wrapper.application; includeInIndex = 0; path = learn_swift.app; sourceTree = BUILT_PRODUCTS_DIR; };
		A22C1F052881973D008A1137 /* learn_swiftApp.swift */ = {isa = PBXFileReference; lastKnownFileType = sourcecode.swift; path = learn_swiftApp.swift; sourceTree = "<group>"; };
		A22C1F072881973D008A1137 /* ContentView.swift */ = {isa = PBXFileReference; lastKnownFileType = sourcecode.swift; path = ContentView.swift; sourceTree = "<group>"; };
		A22C1F092881973F008A1137 /* Assets.xcassets */ = {isa = PBXFileReference; lastKnownFileType = folder.assetcatalog; path = Assets.xcassets; sourceTree = "<group>"; };
		A22C1F0C2881973F008A1137 /* Preview Assets.xcassets */ = {isa = PBXFileReference; lastKnownFileType = folder.assetcatalog; path = "Preview Assets.xcassets"; sourceTree = "<group>"; };
		A22C1F122881973F008A1137 /* learn_swiftTests.xctest */ = {isa = PBXFileReference; explicitFileType = wrapper.cfbundle; includeInIndex = 0; path = learn_swiftTests.xctest; sourceTree = BUILT_PRODUCTS_DIR; };
		A22C1F162881973F008A1137 /* learn_swiftTests.swift */ = {isa = PBXFileReference; lastKnownFileType = sourcecode.swift; path = learn_swiftTests.swift; sourceTree = "<group>"; };
		A22C1F1C2881973F008A1137 /* learn_swiftUITests.xctest */ = {isa = PBXFileReference; explicitFileType = wrapper.cfbundle; includeInIndex = 0; path = learn_swiftUITests.xctest; sourceTree = BUILT_PRODUCTS_DIR; };
		A22C1F202881973F008A1137 /* learn_swiftUITests.swift */ = {isa = PBXFileReference; lastKnownFileType = sourcecode.swift; path = learn_swiftUITests.swift; sourceTree = "<group>"; };
		A22C1F222881973F008A1137 /* learn_swiftUITestsLaunchTests.swift */ = {isa = PBXFileReference; lastKnownFileType = sourcecode.swift; path = learn_swiftUITestsLaunchTests.swift; sourceTree = "<group>"; };
		A22C1F2F28819ADE008A1137 /* HomePage.swift */ = {isa = PBXFileReference; lastKnownFileType = sourcecode.swift; path = HomePage.swift; sourceTree = "<group>"; };
/* End PBXFileReference section */

/* Begin PBXFrameworksBuildPhase section */
		A22C1EFF2881973D008A1137 /* Frameworks */ = {
			isa = PBXFrameworksBuildPhase;
			buildActionMask = 2147483647;
			files = (
			);
			runOnlyForDeploymentPostprocessing = 0;
		};
		A22C1F0F2881973F008A1137 /* Frameworks */ = {
			isa = PBXFrameworksBuildPhase;
			buildActionMask = 2147483647;
			files = (
			);
			runOnlyForDeploymentPostprocessing = 0;
		};
		A22C1F192881973F008A1137 /* Frameworks */ = {
			isa = PBXFrameworksBuildPhase;
			buildActionMask = 2147483647;
			files = (
			);
			runOnlyForDeploymentPostprocessing = 0;
		};
/* End PBXFrameworksBuildPhase section */

/* Begin PBXGroup section */
		A22C1EF92881973D008A1137 = {
			isa = PBXGroup;
			children = (
				A22C1F042881973D008A1137 /* learn_swift */,
				A22C1F152881973F008A1137 /* learn_swiftTests */,
				A22C1F1F2881973F008A1137 /* learn_swiftUITests */,
				A22C1F032881973D008A1137 /* Products */,
			);
			sourceTree = "<group>";
		};
		A22C1F032881973D008A1137 /* Products */ = {
			isa = PBXGroup;
			children = (
				A22C1F022881973D008A1137 /* learn_swift.app */,
				A22C1F122881973F008A1137 /* learn_swiftTests.xctest */,
				A22C1F1C2881973F008A1137 /* learn_swiftUITests.xctest */,
			);
			name = Products;
			sourceTree = "<group>";
		};
		A22C1F042881973D008A1137 /* learn_swift */ = {
			isa = PBXGroup;
			children = (
				A22C1F052881973D008A1137 /* learn_swiftApp.swift */,
				A22C1F072881973D008A1137 /* ContentView.swift */,
				A22C1F092881973F008A1137 /* Assets.xcassets */,
				A22C1F0B2881973F008A1137 /* Preview Content */,
				A22C1F2F28819ADE008A1137 /* HomePage.swift */,
			);
			path = learn_swift;
			sourceTree = "<group>";
		};
		A22C1F0B2881973F008A1137 /* Preview Content */ = {
			isa = PBXGroup;
			children = (
				A22C1F0C2881973F008A1137 /* Preview Assets.xcassets */,
			);
			path = "Preview Content";
			sourceTree = "<group>";
		};
		A22C1F152881973F008A1137 /* learn_swiftTests */ = {
			isa = PBXGroup;
			children = (
				A22C1F162881973F008A1137 /* learn_swiftTests.swift */,
			);
			path = learn_swiftTests;
			sourceTree = "<group>";
		};
		A22C1F1F2881973F008A1137 /* learn_swiftUITests */ = {
			isa = PBXGroup;
			children = (
				A22C1F202881973F008A1137 /* learn_swiftUITests.swift */,
				A22C1F222881973F008A1137 /* learn_swiftUITestsLaunchTests.swift */,
			);
			path = learn_swiftUITests;
			sourceTree = "<group>";
		};
/* End PBXGroup section */

/* Begin PBXNativeTarget section */
		A22C1F012881973D008A1137 /* learn_swift */ = {
			isa = PBXNativeTarget;
			buildConfigurationList = A22C1F262881973F008A1137 /* Build configuration list for PBXNativeTarget "learn_swift" */;
			buildPhases = (
				A22C1EFE2881973D008A1137 /* Sources */,
				A22C1EFF2881973D008A1137 /* Frameworks */,
				A22C1F002881973D008A1137 /* Resources */,
			);
			buildRules = (
			);
			dependencies = (
			);
			name = learn_swift;
			productName = learn_swift;
			productReference = A22C1F022881973D008A1137 /* learn_swift.app */;
			productType = "com.apple.product-type.application";
		};
		A22C1F112881973F008A1137 /* learn_swiftTests */ = {
			isa = PBXNativeTarget;
			buildConfigurationList = A22C1F292881973F008A1137 /* Build configuration list for PBXNativeTarget "learn_swiftTests" */;
			buildPhases = (
				A22C1F0E2881973F008A1137 /* Sources */,
				A22C1F0F2881973F008A1137 /* Frameworks */,
				A22C1F102881973F008A1137 /* Resources */,
			);
			buildRules = (
			);
			dependencies = (
				A22C1F142881973F008A1137 /* PBXTargetDependency */,
			);
			name = learn_swiftTests;
			productName = learn_swiftTests;
			productReference = A22C1F122881973F008A1137 /* learn_swiftTests.xctest */;
			productType = "com.apple.product-type.bundle.unit-test";
		};
		A22C1F1B2881973F008A1137 /* learn_swiftUITests */ = {
			isa = PBXNativeTarget;
			buildConfigurationList = A22C1F2C2881973F008A1137 /* Build configuration list for PBXNativeTarget "learn_swiftUITests" */;
			buildPhases = (
				A22C1F182881973F008A1137 /* Sources */,
				A22C1F192881973F008A1137 /* Frameworks */,
				A22C1F1A2881973F008A1137 /* Resources */,
			);
			buildRules = (
			);
			dependencies = (
				A22C1F1E2881973F008A1137 /* PBXTargetDependency */,
			);
			name = learn_swiftUITests;
			productName = learn_swiftUITests;
			productReference = A22C1F1C2881973F008A1137 /* learn_swiftUITests.xctest */;
			productType = "com.apple.product-type.bundle.ui-testing";
		};
/* End PBXNativeTarget section */

/* Begin PBXProject section */
		A22C1EFA2881973D008A1137 /* Project object */ = {
			isa = PBXProject;
			attributes = {
				BuildIndependentTargetsInParallel = 1;
				LastSwiftUpdateCheck = 1340;
				LastUpgradeCheck = 1340;
				TargetAttributes = {
					A22C1F012881973D008A1137 = {
						CreatedOnToolsVersion = 13.4.1;
					};
					A22C1F112881973F008A1137 = {
						CreatedOnToolsVersion = 13.4.1;
						TestTargetID = A22C1F012881973D008A1137;
					};
					A22C1F1B2881973F008A1137 = {
						CreatedOnToolsVersion = 13.4.1;
						TestTargetID = A22C1F012881973D008A1137;
					};
				};
			};
			buildConfigurationList = A22C1EFD2881973D008A1137 /* Build configuration list for PBXProject "learn_swift" */;
			compatibilityVersion = "Xcode 13.0";
			developmentRegion = en;
			hasScannedForEncodings = 0;
			knownRegions = (
				en,
				Base,
			);
			mainGroup = A22C1EF92881973D008A1137;
			productRefGroup = A22C1F032881973D008A1137 /* Products */;
			projectDirPath = "";
			projectRoot = "";
			targets = (
				A22C1F012881973D008A1137 /* learn_swift */,
				A22C1F112881973F008A1137 /* learn_swiftTests */,
				A22C1F1B2881973F008A1137 /* learn_swiftUITests */,
			);
		};
/* End PBXProject section */

/* Begin PBXResourcesBuildPhase section */
		A22C1F002881973D008A1137 /* Resources */ = {
			isa = PBXResourcesBuildPhase;
			buildActionMask = 2147483647;
			files = (
				A22C1F0D2881973F008A1137 /* Preview Assets.xcassets in Resources */,
				A22C1F0A2881973F008A1137 /* Assets.xcassets in Resources */,
			);
			runOnlyForDeploymentPostprocessing = 0;
		};
		A22C1F102881973F008A1137 /* Resources */ = {
			isa = PBXResourcesBuildPhase;
			buildActionMask = 2147483647;
			files = (
			);
			runOnlyForDeploymentPostprocessing = 0;
		};
		A22C1F1A2881973F008A1137 /* Resources */ = {
			isa = PBXResourcesBuildPhase;
			buildActionMask = 2147483647;
			files = (
			);
			runOnlyForDeploymentPostprocessing = 0;
		};
/* End PBXResourcesBuildPhase section */

/* Begin PBXSourcesBuildPhase section */
		A22C1EFE2881973D008A1137 /* Sources */ = {
			isa = PBXSourcesBuildPhase;
			buildActionMask = 2147483647;
			files = (
				A22C1F082881973D008A1137 /* ContentView.swift in Sources */,
				A22C1F3028819ADE008A1137 /* HomePage.swift in Sources */,
				A22C1F062881973D008A1137 /* learn_swiftApp.swift in Sources */,
			);
			runOnlyForDeploymentPostprocessing = 0;
		};
		A22C1F0E2881973F008A1137 /* Sources */ = {
			isa = PBXSourcesBuildPhase;
			buildActionMask = 2147483647;
			files = (
				A22C1F172881973F008A1137 /* learn_swiftTests.swift in Sources */,
			);
			runOnlyForDeploymentPostprocessing = 0;
		};
		A22C1F182881973F008A1137 /* Sources */ = {
			isa = PBXSourcesBuildPhase;
			buildActionMask = 2147483647;
			files = (
				A22C1F212881973F008A1137 /* learn_swiftUITests.swift in Sources */,
				A22C1F232881973F008A1137 /* learn_swiftUITestsLaunchTests.swift in Sources */,
			);
			runOnlyForDeploymentPostprocessing = 0;
		};
/* End PBXSourcesBuildPhase section */

/* Begin PBXTargetDependency section */
		A22C1F142881973F008A1137 /* PBXTargetDependency */ = {
			isa = PBXTargetDependency;
			target = A22C1F012881973D008A1137 /* learn_swift */;
			targetProxy = A22C1F132881973F008A1137 /* PBXContainerItemProxy */;
		};
		A22C1F1E2881973F008A1137 /* PBXTargetDependency */ = {
			isa = PBXTargetDependency;
			target = A22C1F012881973D008A1137 /* learn_swift */;
			targetProxy = A22C1F1D2881973F008A1137 /* PBXContainerItemProxy */;
		};
/* End PBXTargetDependency section */

/* Begin XCBuildConfiguration section */
		A22C1F242881973F008A1137 /* Debug */ = {
			isa = XCBuildConfiguration;
			buildSettings = {
				ALWAYS_SEARCH_USER_PATHS = NO;
				CLANG_ANALYZER_NONNULL = YES;
				CLANG_ANALYZER_NUMBER_OBJECT_CONVERSION = YES_AGGRESSIVE;
				CLANG_CXX_LANGUAGE_STANDARD = "gnu++17";
				CLANG_ENABLE_MODULES = YES;
				CLANG_ENABLE_OBJC_ARC = YES;
				CLANG_ENABLE_OBJC_WEAK = YES;
				CLANG_WARN_BLOCK_CAPTURE_AUTORELEASING = YES;
				CLANG_WARN_BOOL_CONVERSION = YES;
				CLANG_WARN_COMMA = YES;
				CLANG_WARN_CONSTANT_CONVERSION = YES;
				CLANG_WARN_DEPRECATED_OBJC_IMPLEMENTATIONS = YES;
				CLANG_WARN_DIRECT_OBJC_ISA_USAGE = YES_ERROR;
				CLANG_WARN_DOCUMENTATION_COMMENTS = YES;
				CLANG_WARN_EMPTY_BODY = YES;
				CLANG_WARN_ENUM_CONVERSION = YES;
				CLANG_WARN_INFINITE_RECURSION = YES;
				CLANG_WARN_INT_CONVERSION = YES;
				CLANG_WARN_NON_LITERAL_NULL_CONVERSION = YES;
				CLANG_WARN_OBJC_IMPLICIT_RETAIN_SELF = YES;
				CLANG_WARN_OBJC_LITERAL_CONVERSION = YES;
				CLANG_WARN_OBJC_ROOT_CLASS = YES_ERROR;
				CLANG_WARN_QUOTED_INCLUDE_IN_FRAMEWORK_HEADER = YES;
				CLANG_WARN_RANGE_LOOP_ANALYSIS = YES;
				CLANG_WARN_STRICT_PROTOTYPES = YES;
				CLANG_WARN_SUSPICIOUS_MOVE = YES;
				CLANG_WARN_UNGUARDED_AVAILABILITY = YES_AGGRESSIVE;
				CLANG_WARN_UNREACHABLE_CODE = YES;
				CLANG_WARN__DUPLICATE_METHOD_MATCH = YES;
				COPY_PHASE_STRIP = NO;
				DEBUG_INFORMATION_FORMAT = dwarf;
				ENABLE_STRICT_OBJC_MSGSEND = YES;
				ENABLE_TESTABILITY = YES;
				GCC_C_LANGUAGE_STANDARD = gnu11;
				GCC_DYNAMIC_NO_PIC = NO;
				GCC_NO_COMMON_BLOCKS = YES;
				GCC_OPTIMIZATION_LEVEL = 0;
				GCC_PREPROCESSOR_DEFINITIONS = (
					"DEBUG=1",
					"$(inherited)",
				);
				GCC_WARN_64_TO_32_BIT_CONVERSION = YES;
				GCC_WARN_ABOUT_RETURN_TYPE = YES_ERROR;
				GCC_WARN_UNDECLARED_SELECTOR = YES;
				GCC_WARN_UNINITIALIZED_AUTOS = YES_AGGRESSIVE;
				GCC_WARN_UNUSED_FUNCTION = YES;
				GCC_WARN_UNUSED_VARIABLE = YES;
				IPHONEOS_DEPLOYMENT_TARGET = 15.5;
				MTL_ENABLE_DEBUG_INFO = INCLUDE_SOURCE;
				MTL_FAST_MATH = YES;
				ONLY_ACTIVE_ARCH = YES;
				SDKROOT = iphoneos;
				SWIFT_ACTIVE_COMPILATION_CONDITIONS = DEBUG;
				SWIFT_OPTIMIZATION_LEVEL = "-Onone";
			};
			name = Debug;
		};
		A22C1F252881973F008A1137 /* Release */ = {
			isa = XCBuildConfiguration;
			buildSettings = {
				ALWAYS_SEARCH_USER_PATHS = NO;
				CLANG_ANALYZER_NONNULL = YES;
				CLANG_ANALYZER_NUMBER_OBJECT_CONVERSION = YES_AGGRESSIVE;
				CLANG_CXX_LANGUAGE_STANDARD = "gnu++17";
				CLANG_ENABLE_MODULES = YES;
				CLANG_ENABLE_OBJC_ARC = YES;
				CLANG_ENABLE_OBJC_WEAK = YES;
				CLANG_WARN_BLOCK_CAPTURE_AUTORELEASING = YES;
				CLANG_WARN_BOOL_CONVERSION = YES;
				CLANG_WARN_COMMA = YES;
				CLANG_WARN_CONSTANT_CONVERSION = YES;
				CLANG_WARN_DEPRECATED_OBJC_IMPLEMENTATIONS = YES;
				CLANG_WARN_DIRECT_OBJC_ISA_USAGE = YES_ERROR;
				CLANG_WARN_DOCUMENTATION_COMMENTS = YES;
				CLANG_WARN_EMPTY_BODY = YES;
				CLANG_WARN_ENUM_CONVERSION = YES;
				CLANG_WARN_INFINITE_RECURSION = YES;
				CLANG_WARN_INT_CONVERSION = YES;
				CLANG_WARN_NON_LITERAL_NULL_CONVERSION = YES;
				CLANG_WARN_OBJC_IMPLICIT_RETAIN_SELF = YES;
				CLANG_WARN_OBJC_LITERAL_CONVERSION = YES;
				CLANG_WARN_OBJC_ROOT_CLASS = YES_ERROR;
				CLANG_WARN_QUOTED_INCLUDE_IN_FRAMEWORK_HEADER = YES;
				CLANG_WARN_RANGE_LOOP_ANALYSIS = YES;
				CLANG_WARN_STRICT_PROTOTYPES = YES;
				CLANG_WARN_SUSPICIOUS_MOVE = YES;
				CLANG_WARN_UNGUARDED_AVAILABILITY = YES_AGGRESSIVE;
				CLANG_WARN_UNREACHABLE_CODE = YES;
				CLANG_WARN__DUPLICATE_METHOD_MATCH = YES;
				COPY_PHASE_STRIP = NO;
				DEBUG_INFORMATION_FORMAT = "dwarf-with-dsym";
				ENABLE_NS_ASSERTIONS = NO;
				ENABLE_STRICT_OBJC_MSGSEND = YES;
				GCC_C_LANGUAGE_STANDARD = gnu11;
				GCC_NO_COMMON_BLOCKS = YES;
				GCC_WARN_64_TO_32_BIT_CONVERSION = YES;
				GCC_WARN_ABOUT_RETURN_TYPE = YES_ERROR;
				GCC_WARN_UNDECLARED_SELECTOR = YES;
				GCC_WARN_UNINITIALIZED_AUTOS = YES_AGGRESSIVE;
				GCC_WARN_UNUSED_FUNCTION = YES;
				GCC_WARN_UNUSED_VARIABLE = YES;
				IPHONEOS_DEPLOYMENT_TARGET = 15.5;
				MTL_ENABLE_DEBUG_INFO = NO;
				MTL_FAST_MATH = YES;
				SDKROOT = iphoneos;
				SWIFT_COMPILATION_MODE = wholemodule;
				SWIFT_OPTIMIZATION_LEVEL = "-O";
				VALIDATE_PRODUCT = YES;
			};
			name = Release;
		};
		A22C1F272881973F008A1137 /* Debug */ = {
			isa = XCBuildConfiguration;
			buildSettings = {
				ASSETCATALOG_COMPILER_APPICON_NAME = AppIcon;
				ASSETCATALOG_COMPILER_GLOBAL_ACCENT_COLOR_NAME = AccentColor;
				CODE_SIGN_STYLE = Automatic;
				CURRENT_PROJECT_VERSION = 1;
				DEVELOPMENT_ASSET_PATHS = "\"learn_swift/Preview Content\"";
				DEVELOPMENT_TEAM = UGM86HHLZR;
				ENABLE_PREVIEWS = YES;
				GENERATE_INFOPLIST_FILE = YES;
				INFOPLIST_KEY_UIApplicationSceneManifest_Generation = YES;
				INFOPLIST_KEY_UIApplicationSupportsIndirectInputEvents = YES;
				INFOPLIST_KEY_UILaunchScreen_Generation = YES;
				INFOPLIST_KEY_UISupportedInterfaceOrientations_iPad = "UIInterfaceOrientationPortrait UIInterfaceOrientationPortraitUpsideDown UIInterfaceOrientationLandscapeLeft UIInterfaceOrientationLandscapeRight";
				INFOPLIST_KEY_UISupportedInterfaceOrientations_iPhone = "UIInterfaceOrientationPortrait UIInterfaceOrientationLandscapeLeft UIInterfaceOrientationLandscapeRight";
				LD_RUNPATH_SEARCH_PATHS = (
					"$(inherited)",
					"@executable_path/Frameworks",
				);
				MARKETING_VERSION = 1.0;
				PRODUCT_BUNDLE_IDENTIFIER = "vercetti.com.learn-swift";
				PRODUCT_NAME = "$(TARGET_NAME)";
				SWIFT_EMIT_LOC_STRINGS = YES;
				SWIFT_VERSION = 5.0;
				TARGETED_DEVICE_FAMILY = "1,2";
			};
			name = Debug;
		};
		A22C1F282881973F008A1137 /* Release */ = {
			isa = XCBuildConfiguration;
			buildSettings = {
				ASSETCATALOG_COMPILER_APPICON_NAME = AppIcon;
				ASSETCATALOG_COMPILER_GLOBAL_ACCENT_COLOR_NAME = AccentColor;
				CODE_SIGN_STYLE = Automatic;
				CURRENT_PROJECT_VERSION = 1;
				DEVELOPMENT_ASSET_PATHS = "\"learn_swift/Preview Content\"";
				DEVELOPMENT_TEAM = UGM86HHLZR;
				ENABLE_PREVIEWS = YES;
				GENERATE_INFOPLIST_FILE = YES;
				INFOPLIST_KEY_UIApplicationSceneManifest_Generation = YES;
				INFOPLIST_KEY_UIApplicationSupportsIndirectInputEvents = YES;
				INFOPLIST_KEY_UILaunchScreen_Generation = YES;
				INFOPLIST_KEY_UISupportedInterfaceOrientations_iPad = "UIInterfaceOrientationPortrait UIInterfaceOrientationPortraitUpsideDown UIInterfaceOrientationLandscapeLeft UIInterfaceOrientationLandscapeRight";
				INFOPLIST_KEY_UISupportedInterfaceOrientations_iPhone = "UIInterfaceOrientationPortrait UIInterfaceOrientationLandscapeLeft UIInterfaceOrientationLandscapeRight";
				LD_RUNPATH_SEARCH_PATHS = (
					"$(inherited)",
					"@executable_path/Frameworks",
				);
				MARKETING_VERSION = 1.0;
				PRODUCT_BUNDLE_IDENTIFIER = "vercetti.com.learn-swift";
				PRODUCT_NAME = "$(TARGET_NAME)";
				SWIFT_EMIT_LOC_STRINGS = YES;
				SWIFT_VERSION = 5.0;
				TARGETED_DEVICE_FAMILY = "1,2";
			};
			name = Release;
		};
		A22C1F2A2881973F008A1137 /* Debug */ = {
			isa = XCBuildConfiguration;
			buildSettings = {
				ALWAYS_EMBED_SWIFT_STANDARD_LIBRARIES = YES;
				BUNDLE_LOADER = "$(TEST_HOST)";
				CODE_SIGN_STYLE = Automatic;
				CURRENT_PROJECT_VERSION = 1;
				DEVELOPMENT_TEAM = UGM86HHLZR;
				GENERATE_INFOPLIST_FILE = YES;
				IPHONEOS_DEPLOYMENT_TARGET = 15.5;
				MARKETING_VERSION = 1.0;
				PRODUCT_BUNDLE_IDENTIFIER = "vercetti.com.learn-swiftTests";
				PRODUCT_NAME = "$(TARGET_NAME)";
				SWIFT_EMIT_LOC_STRINGS = NO;
				SWIFT_VERSION = 5.0;
				TARGETED_DEVICE_FAMILY = "1,2";
				TEST_HOST = "$(BUILT_PRODUCTS_DIR)/learn_swift.app/learn_swift";
			};
			name = Debug;
		};
		A22C1F2B2881973F008A1137 /* Release */ = {
			isa = XCBuildConfiguration;
			buildSettings = {
				ALWAYS_EMBED_SWIFT_STANDARD_LIBRARIES = YES;
				BUNDLE_LOADER = "$(TEST_HOST)";
				CODE_SIGN_STYLE = Automatic;
				CURRENT_PROJECT_VERSION = 1;
				DEVELOPMENT_TEAM = UGM86HHLZR;
				GENERATE_INFOPLIST_FILE = YES;
				IPHONEOS_DEPLOYMENT_TARGET = 15.5;
				MARKETING_VERSION = 1.0;
				PRODUCT_BUNDLE_IDENTIFIER = "vercetti.com.learn-swiftTests";
				PRODUCT_NAME = "$(TARGET_NAME)";
				SWIFT_EMIT_LOC_STRINGS = NO;
				SWIFT_VERSION = 5.0;
				TARGETED_DEVICE_FAMILY = "1,2";
				TEST_HOST = "$(BUILT_PRODUCTS_DIR)/learn_swift.app/learn_swift";
			};
			name = Release;
		};
		A22C1F2D2881973F008A1137 /* Debug */ = {
			isa = XCBuildConfiguration;
			buildSettings = {
				ALWAYS_EMBED_SWIFT_STANDARD_LIBRARIES = YES;
				CODE_SIGN_STYLE = Automatic;
				CURRENT_PROJECT_VERSION = 1;
				DEVELOPMENT_TEAM = UGM86HHLZR;
				GENERATE_INFOPLIST_FILE = YES;
				MARKETING_VERSION = 1.0;
				PRODUCT_BUNDLE_IDENTIFIER = "vercetti.com.learn-swiftUITests";
				PRODUCT_NAME = "$(TARGET_NAME)";
				SWIFT_EMIT_LOC_STRINGS = NO;
				SWIFT_VERSION = 5.0;
				TARGETED_DEVICE_FAMILY = "1,2";
				TEST_TARGET_NAME = learn_swift;
			};
			name = Debug;
		};
		A22C1F2E2881973F008A1137 /* Release */ = {
			isa = XCBuildConfiguration;
			buildSettings = {
				ALWAYS_EMBED_SWIFT_STANDARD_LIBRARIES = YES;
				CODE_SIGN_STYLE = Automatic;
				CURRENT_PROJECT_VERSION = 1;
				DEVELOPMENT_TEAM = UGM86HHLZR;
				GENERATE_INFOPLIST_FILE = YES;
				MARKETING_VERSION = 1.0;
				PRODUCT_BUNDLE_IDENTIFIER = "vercetti.com.learn-swiftUITests";
				PRODUCT_NAME = "$(TARGET_NAME)";
				SWIFT_EMIT_LOC_STRINGS = NO;
				SWIFT_VERSION = 5.0;
				TARGETED_DEVICE_FAMILY = "1,2";
				TEST_TARGET_NAME = learn_swift;
			};
			name = Release;
		};
/* End XCBuildConfiguration section */

/* Begin XCConfigurationList section */
		A22C1EFD2881973D008A1137 /* Build configuration list for PBXProject "learn_swift" */ = {
			isa = XCConfigurationList;
			buildConfigurations = (
				A22C1F242881973F008A1137 /* Debug */,
				A22C1F252881973F008A1137 /* Release */,
			);
			defaultConfigurationIsVisible = 0;
			defaultConfigurationName = Release;
		};
		A22C1F262881973F008A1137 /* Build configuration list for PBXNativeTarget "learn_swift" */ = {
			isa = XCConfigurationList;
			buildConfigurations = (
				A22C1F272881973F008A1137 /* Debug */,
				A22C1F282881973F008A1137 /* Release */,
			);
			defaultConfigurationIsVisible = 0;
			defaultConfigurationName = Release;
		};
		A22C1F292881973F008A1137 /* Build configuration list for PBXNativeTarget "learn_swiftTests" */ = {
			isa = XCConfigurationList;
			buildConfigurations = (
				A22C1F2A2881973F008A1137 /* Debug */,
				A22C1F2B2881973F008A1137 /* Release */,
			);
			defaultConfigurationIsVisible = 0;
			defaultConfigurationName = Release;
		};
		A22C1F2C2881973F008A1137 /* Build configuration list for PBXNativeTarget "learn_swiftUITests" */ = {
			isa = XCConfigurationList;
			buildConfigurations = (
				A22C1F2D2881973F008A1137 /* Debug */,
				A22C1F2E2881973F008A1137 /* Release */,
			);
			defaultConfigurationIsVisible = 0;
			defaultConfigurationName = Release;
		};
/* End XCConfigurationList section */
	};
	rootObject = A22C1EFA2881973D008A1137 /* Project object */;
}
