// !$*UTF8*$!
{
	archiveVersion = 1;
	classes = {
	};
	objectVersion = 55;
	objects = {

/* Begin PBXBuildFile section */
		A20BE6B9288ABE1000F5227B /* CircleImage.swift in Sources */ = {isa = PBXBuildFile; fileRef = A20BE6B8288ABE1000F5227B /* CircleImage.swift */; };
		A20BE6BB288AC0B100F5227B /* MapView.swift in Sources */ = {isa = PBXBuildFile; fileRef = A20BE6BA288AC0B100F5227B /* MapView.swift */; };
		A24EEB152892C9970099773D /* LandmarkList.swift in Sources */ = {isa = PBXBuildFile; fileRef = A24EEB142892C9970099773D /* LandmarkList.swift */; };
		A24EEB172892CB4B0099773D /* LandmarkDetail.swift in Sources */ = {isa = PBXBuildFile; fileRef = A24EEB162892CB4B0099773D /* LandmarkDetail.swift */; };
		A25D1EA7288E9DDB0030B34C /* landmarkData.json in Resources */ = {isa = PBXBuildFile; fileRef = A25D1EA6288E9DDB0030B34C /* landmarkData.json */; };
		A2617AC9288E89A1007A7FB7 /* Landmark.swift in Sources */ = {isa = PBXBuildFile; fileRef = A2617AC8288E89A1007A7FB7 /* Landmark.swift */; };
		A2617ACB288E8C37007A7FB7 /* ModelData.swift in Sources */ = {isa = PBXBuildFile; fileRef = A2617ACA288E8C37007A7FB7 /* ModelData.swift */; };
		A2617AD1288E8E11007A7FB7 /* LandmarkRow.swift in Sources */ = {isa = PBXBuildFile; fileRef = A2617AD0288E8E11007A7FB7 /* LandmarkRow.swift */; };
		A28DA6002897EC96005D9689 /* FavoriteButton.swift in Sources */ = {isa = PBXBuildFile; fileRef = A28DA5FF2897EC96005D9689 /* FavoriteButton.swift */; };
		A29073D228898933008FA29E /* LandmarksApp.swift in Sources */ = {isa = PBXBuildFile; fileRef = A29073D128898933008FA29E /* LandmarksApp.swift */; };
		A29073D428898933008FA29E /* ContentView.swift in Sources */ = {isa = PBXBuildFile; fileRef = A29073D328898933008FA29E /* ContentView.swift */; };
		A29073D628898934008FA29E /* Assets.xcassets in Resources */ = {isa = PBXBuildFile; fileRef = A29073D528898934008FA29E /* Assets.xcassets */; };
		A29073D928898934008FA29E /* Preview Assets.xcassets in Resources */ = {isa = PBXBuildFile; fileRef = A29073D828898934008FA29E /* Preview Assets.xcassets */; };
		A29073E328898934008FA29E /* LandmarksTests.swift in Sources */ = {isa = PBXBuildFile; fileRef = A29073E228898934008FA29E /* LandmarksTests.swift */; };
		A29073ED28898934008FA29E /* LandmarksUITests.swift in Sources */ = {isa = PBXBuildFile; fileRef = A29073EC28898934008FA29E /* LandmarksUITests.swift */; };
		A29073EF28898934008FA29E /* LandmarksUITestsLaunchTests.swift in Sources */ = {isa = PBXBuildFile; fileRef = A29073EE28898934008FA29E /* LandmarksUITestsLaunchTests.swift */; };
/* End PBXBuildFile section */

/* Begin PBXContainerItemProxy section */
		A29073DF28898934008FA29E /* PBXContainerItemProxy */ = {
			isa = PBXContainerItemProxy;
			containerPortal = A29073C628898933008FA29E /* Project object */;
			proxyType = 1;
			remoteGlobalIDString = A29073CD28898933008FA29E;
			remoteInfo = Landmarks;
		};
		A29073E928898934008FA29E /* PBXContainerItemProxy */ = {
			isa = PBXContainerItemProxy;
			containerPortal = A29073C628898933008FA29E /* Project object */;
			proxyType = 1;
			remoteGlobalIDString = A29073CD28898933008FA29E;
			remoteInfo = Landmarks;
		};
/* End PBXContainerItemProxy section */

/* Begin PBXFileReference section */
		A20BE6B8288ABE1000F5227B /* CircleImage.swift */ = {isa = PBXFileReference; lastKnownFileType = sourcecode.swift; path = CircleImage.swift; sourceTree = "<group>"; };
		A20BE6BA288AC0B100F5227B /* MapView.swift */ = {isa = PBXFileReference; lastKnownFileType = sourcecode.swift; path = MapView.swift; sourceTree = "<group>"; };
		A24EEB142892C9970099773D /* LandmarkList.swift */ = {isa = PBXFileReference; lastKnownFileType = sourcecode.swift; path = LandmarkList.swift; sourceTree = "<group>"; };
		A24EEB162892CB4B0099773D /* LandmarkDetail.swift */ = {isa = PBXFileReference; lastKnownFileType = sourcecode.swift; path = LandmarkDetail.swift; sourceTree = "<group>"; };
		A25D1EA6288E9DDB0030B34C /* landmarkData.json */ = {isa = PBXFileReference; fileEncoding = 4; lastKnownFileType = text.json; path = landmarkData.json; sourceTree = "<group>"; };
		A2617AC8288E89A1007A7FB7 /* Landmark.swift */ = {isa = PBXFileReference; lastKnownFileType = sourcecode.swift; path = Landmark.swift; sourceTree = "<group>"; };
		A2617ACA288E8C37007A7FB7 /* ModelData.swift */ = {isa = PBXFileReference; lastKnownFileType = sourcecode.swift; path = ModelData.swift; sourceTree = "<group>"; };
		A2617AD0288E8E11007A7FB7 /* LandmarkRow.swift */ = {isa = PBXFileReference; lastKnownFileType = sourcecode.swift; path = LandmarkRow.swift; sourceTree = "<group>"; };
		A28DA5FF2897EC96005D9689 /* FavoriteButton.swift */ = {isa = PBXFileReference; lastKnownFileType = sourcecode.swift; path = FavoriteButton.swift; sourceTree = "<group>"; };
		A29073CE28898933008FA29E /* Landmarks.app */ = {isa = PBXFileReference; explicitFileType = wrapper.application; includeInIndex = 0; path = Landmarks.app; sourceTree = BUILT_PRODUCTS_DIR; };
		A29073D128898933008FA29E /* LandmarksApp.swift */ = {isa = PBXFileReference; lastKnownFileType = sourcecode.swift; path = LandmarksApp.swift; sourceTree = "<group>"; };
		A29073D328898933008FA29E /* ContentView.swift */ = {isa = PBXFileReference; lastKnownFileType = sourcecode.swift; path = ContentView.swift; sourceTree = "<group>"; };
		A29073D528898934008FA29E /* Assets.xcassets */ = {isa = PBXFileReference; lastKnownFileType = folder.assetcatalog; path = Assets.xcassets; sourceTree = "<group>"; };
		A29073D828898934008FA29E /* Preview Assets.xcassets */ = {isa = PBXFileReference; lastKnownFileType = folder.assetcatalog; path = "Preview Assets.xcassets"; sourceTree = "<group>"; };
		A29073DE28898934008FA29E /* LandmarksTests.xctest */ = {isa = PBXFileReference; explicitFileType = wrapper.cfbundle; includeInIndex = 0; path = LandmarksTests.xctest; sourceTree = BUILT_PRODUCTS_DIR; };
		A29073E228898934008FA29E /* LandmarksTests.swift */ = {isa = PBXFileReference; lastKnownFileType = sourcecode.swift; path = LandmarksTests.swift; sourceTree = "<group>"; };
		A29073E828898934008FA29E /* LandmarksUITests.xctest */ = {isa = PBXFileReference; explicitFileType = wrapper.cfbundle; includeInIndex = 0; path = LandmarksUITests.xctest; sourceTree = BUILT_PRODUCTS_DIR; };
		A29073EC28898934008FA29E /* LandmarksUITests.swift */ = {isa = PBXFileReference; lastKnownFileType = sourcecode.swift; path = LandmarksUITests.swift; sourceTree = "<group>"; };
		A29073EE28898934008FA29E /* LandmarksUITestsLaunchTests.swift */ = {isa = PBXFileReference; lastKnownFileType = sourcecode.swift; path = LandmarksUITestsLaunchTests.swift; sourceTree = "<group>"; };
/* End PBXFileReference section */

/* Begin PBXFrameworksBuildPhase section */
		A29073CB28898933008FA29E /* Frameworks */ = {
			isa = PBXFrameworksBuildPhase;
			buildActionMask = 2147483647;
			files = (
			);
			runOnlyForDeploymentPostprocessing = 0;
		};
		A29073DB28898934008FA29E /* Frameworks */ = {
			isa = PBXFrameworksBuildPhase;
			buildActionMask = 2147483647;
			files = (
			);
			runOnlyForDeploymentPostprocessing = 0;
		};
		A29073E528898934008FA29E /* Frameworks */ = {
			isa = PBXFrameworksBuildPhase;
			buildActionMask = 2147483647;
			files = (
			);
			runOnlyForDeploymentPostprocessing = 0;
		};
/* End PBXFrameworksBuildPhase section */

/* Begin PBXGroup section */
		A25D1EAA288E9E040030B34C /* Resources */ = {
			isa = PBXGroup;
			children = (
				A25D1EA6288E9DDB0030B34C /* landmarkData.json */,
			);
			path = Resources;
			sourceTree = "<group>";
		};
		A2617ACD288E8CDE007A7FB7 /* Views */ = {
			isa = PBXGroup;
			children = (
				A29073D328898933008FA29E /* ContentView.swift */,
				A28DA6012897ED35005D9689 /* Helpers */,
				A28DA6022897ED47005D9689 /* Landmarks */,
			);
			path = Views;
			sourceTree = "<group>";
		};
		A2617ACE288E8D06007A7FB7 /* Models */ = {
			isa = PBXGroup;
			children = (
				A2617ACA288E8C37007A7FB7 /* ModelData.swift */,
				A2617AC8288E89A1007A7FB7 /* Landmark.swift */,
			);
			path = Models;
			sourceTree = "<group>";
		};
		A28DA6012897ED35005D9689 /* Helpers */ = {
			isa = PBXGroup;
			children = (
				A20BE6B8288ABE1000F5227B /* CircleImage.swift */,
				A20BE6BA288AC0B100F5227B /* MapView.swift */,
				A28DA5FF2897EC96005D9689 /* FavoriteButton.swift */,
			);
			path = Helpers;
			sourceTree = "<group>";
		};
		A28DA6022897ED47005D9689 /* Landmarks */ = {
			isa = PBXGroup;
			children = (
				A2617AD0288E8E11007A7FB7 /* LandmarkRow.swift */,
				A24EEB142892C9970099773D /* LandmarkList.swift */,
				A24EEB162892CB4B0099773D /* LandmarkDetail.swift */,
			);
			path = Landmarks;
			sourceTree = "<group>";
		};
		A29073C528898933008FA29E = {
			isa = PBXGroup;
			children = (
				A29073D028898933008FA29E /* Landmarks */,
				A29073E128898934008FA29E /* LandmarksTests */,
				A29073EB28898934008FA29E /* LandmarksUITests */,
				A29073CF28898933008FA29E /* Products */,
			);
			sourceTree = "<group>";
		};
		A29073CF28898933008FA29E /* Products */ = {
			isa = PBXGroup;
			children = (
				A29073CE28898933008FA29E /* Landmarks.app */,
				A29073DE28898934008FA29E /* LandmarksTests.xctest */,
				A29073E828898934008FA29E /* LandmarksUITests.xctest */,
			);
			name = Products;
			sourceTree = "<group>";
		};
		A29073D028898933008FA29E /* Landmarks */ = {
			isa = PBXGroup;
			children = (
				A25D1EAA288E9E040030B34C /* Resources */,
				A2617ACE288E8D06007A7FB7 /* Models */,
				A29073D128898933008FA29E /* LandmarksApp.swift */,
				A2617ACD288E8CDE007A7FB7 /* Views */,
				A29073D528898934008FA29E /* Assets.xcassets */,
				A29073D728898934008FA29E /* Preview Content */,
			);
			path = Landmarks;
			sourceTree = "<group>";
		};
		A29073D728898934008FA29E /* Preview Content */ = {
			isa = PBXGroup;
			children = (
				A29073D828898934008FA29E /* Preview Assets.xcassets */,
			);
			path = "Preview Content";
			sourceTree = "<group>";
		};
		A29073E128898934008FA29E /* LandmarksTests */ = {
			isa = PBXGroup;
			children = (
				A29073E228898934008FA29E /* LandmarksTests.swift */,
			);
			path = LandmarksTests;
			sourceTree = "<group>";
		};
		A29073EB28898934008FA29E /* LandmarksUITests */ = {
			isa = PBXGroup;
			children = (
				A29073EC28898934008FA29E /* LandmarksUITests.swift */,
				A29073EE28898934008FA29E /* LandmarksUITestsLaunchTests.swift */,
			);
			path = LandmarksUITests;
			sourceTree = "<group>";
		};
/* End PBXGroup section */

/* Begin PBXNativeTarget section */
		A29073CD28898933008FA29E /* Landmarks */ = {
			isa = PBXNativeTarget;
			buildConfigurationList = A29073F228898934008FA29E /* Build configuration list for PBXNativeTarget "Landmarks" */;
			buildPhases = (
				A29073CA28898933008FA29E /* Sources */,
				A29073CB28898933008FA29E /* Frameworks */,
				A29073CC28898933008FA29E /* Resources */,
			);
			buildRules = (
			);
			dependencies = (
			);
			name = Landmarks;
			productName = Landmarks;
			productReference = A29073CE28898933008FA29E /* Landmarks.app */;
			productType = "com.apple.product-type.application";
		};
		A29073DD28898934008FA29E /* LandmarksTests */ = {
			isa = PBXNativeTarget;
			buildConfigurationList = A29073F528898934008FA29E /* Build configuration list for PBXNativeTarget "LandmarksTests" */;
			buildPhases = (
				A29073DA28898934008FA29E /* Sources */,
				A29073DB28898934008FA29E /* Frameworks */,
				A29073DC28898934008FA29E /* Resources */,
			);
			buildRules = (
			);
			dependencies = (
				A29073E028898934008FA29E /* PBXTargetDependency */,
			);
			name = LandmarksTests;
			productName = LandmarksTests;
			productReference = A29073DE28898934008FA29E /* LandmarksTests.xctest */;
			productType = "com.apple.product-type.bundle.unit-test";
		};
		A29073E728898934008FA29E /* LandmarksUITests */ = {
			isa = PBXNativeTarget;
			buildConfigurationList = A29073F828898934008FA29E /* Build configuration list for PBXNativeTarget "LandmarksUITests" */;
			buildPhases = (
				A29073E428898934008FA29E /* Sources */,
				A29073E528898934008FA29E /* Frameworks */,
				A29073E628898934008FA29E /* Resources */,
			);
			buildRules = (
			);
			dependencies = (
				A29073EA28898934008FA29E /* PBXTargetDependency */,
			);
			name = LandmarksUITests;
			productName = LandmarksUITests;
			productReference = A29073E828898934008FA29E /* LandmarksUITests.xctest */;
			productType = "com.apple.product-type.bundle.ui-testing";
		};
/* End PBXNativeTarget section */

/* Begin PBXProject section */
		A29073C628898933008FA29E /* Project object */ = {
			isa = PBXProject;
			attributes = {
				BuildIndependentTargetsInParallel = 1;
				LastSwiftUpdateCheck = 1340;
				LastUpgradeCheck = 1340;
				TargetAttributes = {
					A29073CD28898933008FA29E = {
						CreatedOnToolsVersion = 13.4.1;
					};
					A29073DD28898934008FA29E = {
						CreatedOnToolsVersion = 13.4.1;
						TestTargetID = A29073CD28898933008FA29E;
					};
					A29073E728898934008FA29E = {
						CreatedOnToolsVersion = 13.4.1;
						TestTargetID = A29073CD28898933008FA29E;
					};
				};
			};
			buildConfigurationList = A29073C928898933008FA29E /* Build configuration list for PBXProject "Landmarks" */;
			compatibilityVersion = "Xcode 13.0";
			developmentRegion = en;
			hasScannedForEncodings = 0;
			knownRegions = (
				en,
				Base,
			);
			mainGroup = A29073C528898933008FA29E;
			productRefGroup = A29073CF28898933008FA29E /* Products */;
			projectDirPath = "";
			projectRoot = "";
			targets = (
				A29073CD28898933008FA29E /* Landmarks */,
				A29073DD28898934008FA29E /* LandmarksTests */,
				A29073E728898934008FA29E /* LandmarksUITests */,
			);
		};
/* End PBXProject section */

/* Begin PBXResourcesBuildPhase section */
		A29073CC28898933008FA29E /* Resources */ = {
			isa = PBXResourcesBuildPhase;
			buildActionMask = 2147483647;
			files = (
				A29073D928898934008FA29E /* Preview Assets.xcassets in Resources */,
				A29073D628898934008FA29E /* Assets.xcassets in Resources */,
				A25D1EA7288E9DDB0030B34C /* landmarkData.json in Resources */,
			);
			runOnlyForDeploymentPostprocessing = 0;
		};
		A29073DC28898934008FA29E /* Resources */ = {
			isa = PBXResourcesBuildPhase;
			buildActionMask = 2147483647;
			files = (
			);
			runOnlyForDeploymentPostprocessing = 0;
		};
		A29073E628898934008FA29E /* Resources */ = {
			isa = PBXResourcesBuildPhase;
			buildActionMask = 2147483647;
			files = (
			);
			runOnlyForDeploymentPostprocessing = 0;
		};
/* End PBXResourcesBuildPhase section */

/* Begin PBXSourcesBuildPhase section */
		A29073CA28898933008FA29E /* Sources */ = {
			isa = PBXSourcesBuildPhase;
			buildActionMask = 2147483647;
			files = (
				A29073D428898933008FA29E /* ContentView.swift in Sources */,
				A20BE6BB288AC0B100F5227B /* MapView.swift in Sources */,
				A29073D228898933008FA29E /* LandmarksApp.swift in Sources */,
				A28DA6002897EC96005D9689 /* FavoriteButton.swift in Sources */,
				A24EEB152892C9970099773D /* LandmarkList.swift in Sources */,
				A24EEB172892CB4B0099773D /* LandmarkDetail.swift in Sources */,
				A20BE6B9288ABE1000F5227B /* CircleImage.swift in Sources */,
				A2617AC9288E89A1007A7FB7 /* Landmark.swift in Sources */,
				A2617AD1288E8E11007A7FB7 /* LandmarkRow.swift in Sources */,
				A2617ACB288E8C37007A7FB7 /* ModelData.swift in Sources */,
			);
			runOnlyForDeploymentPostprocessing = 0;
		};
		A29073DA28898934008FA29E /* Sources */ = {
			isa = PBXSourcesBuildPhase;
			buildActionMask = 2147483647;
			files = (
				A29073E328898934008FA29E /* LandmarksTests.swift in Sources */,
			);
			runOnlyForDeploymentPostprocessing = 0;
		};
		A29073E428898934008FA29E /* Sources */ = {
			isa = PBXSourcesBuildPhase;
			buildActionMask = 2147483647;
			files = (
				A29073EF28898934008FA29E /* LandmarksUITestsLaunchTests.swift in Sources */,
				A29073ED28898934008FA29E /* LandmarksUITests.swift in Sources */,
			);
			runOnlyForDeploymentPostprocessing = 0;
		};
/* End PBXSourcesBuildPhase section */

/* Begin PBXTargetDependency section */
		A29073E028898934008FA29E /* PBXTargetDependency */ = {
			isa = PBXTargetDependency;
			target = A29073CD28898933008FA29E /* Landmarks */;
			targetProxy = A29073DF28898934008FA29E /* PBXContainerItemProxy */;
		};
		A29073EA28898934008FA29E /* PBXTargetDependency */ = {
			isa = PBXTargetDependency;
			target = A29073CD28898933008FA29E /* Landmarks */;
			targetProxy = A29073E928898934008FA29E /* PBXContainerItemProxy */;
		};
/* End PBXTargetDependency section */

/* Begin XCBuildConfiguration section */
		A29073F028898934008FA29E /* Debug */ = {
			isa = XCBuildConfiguration;
			buildSettings = {
				ALWAYS_SEARCH_USER_PATHS = NO;
				CLANG_ANALYZER_NONNULL = YES;
				CLANG_ANALYZER_NUMBER_OBJECT_CONVERSION = YES_AGGRESSIVE;
				CLANG_CXX_LANGUAGE_STANDARD = "gnu++17";
				CLANG_ENABLE_MODULES = YES;
				CLANG_ENABLE_OBJC_ARC = YES;
				CLANG_ENABLE_OBJC_WEAK = YES;
				CLANG_WARN_BLOCK_CAPTURE_AUTORELEASING = YES;
				CLANG_WARN_BOOL_CONVERSION = YES;
				CLANG_WARN_COMMA = YES;
				CLANG_WARN_CONSTANT_CONVERSION = YES;
				CLANG_WARN_DEPRECATED_OBJC_IMPLEMENTATIONS = YES;
				CLANG_WARN_DIRECT_OBJC_ISA_USAGE = YES_ERROR;
				CLANG_WARN_DOCUMENTATION_COMMENTS = YES;
				CLANG_WARN_EMPTY_BODY = YES;
				CLANG_WARN_ENUM_CONVERSION = YES;
				CLANG_WARN_INFINITE_RECURSION = YES;
				CLANG_WARN_INT_CONVERSION = YES;
				CLANG_WARN_NON_LITERAL_NULL_CONVERSION = YES;
				CLANG_WARN_OBJC_IMPLICIT_RETAIN_SELF = YES;
				CLANG_WARN_OBJC_LITERAL_CONVERSION = YES;
				CLANG_WARN_OBJC_ROOT_CLASS = YES_ERROR;
				CLANG_WARN_QUOTED_INCLUDE_IN_FRAMEWORK_HEADER = YES;
				CLANG_WARN_RANGE_LOOP_ANALYSIS = YES;
				CLANG_WARN_STRICT_PROTOTYPES = YES;
				CLANG_WARN_SUSPICIOUS_MOVE = YES;
				CLANG_WARN_UNGUARDED_AVAILABILITY = YES_AGGRESSIVE;
				CLANG_WARN_UNREACHABLE_CODE = YES;
				CLANG_WARN__DUPLICATE_METHOD_MATCH = YES;
				COPY_PHASE_STRIP = NO;
				DEBUG_INFORMATION_FORMAT = dwarf;
				ENABLE_STRICT_OBJC_MSGSEND = YES;
				ENABLE_TESTABILITY = YES;
				GCC_C_LANGUAGE_STANDARD = gnu11;
				GCC_DYNAMIC_NO_PIC = NO;
				GCC_NO_COMMON_BLOCKS = YES;
				GCC_OPTIMIZATION_LEVEL = 0;
				GCC_PREPROCESSOR_DEFINITIONS = (
					"DEBUG=1",
					"$(inherited)",
				);
				GCC_WARN_64_TO_32_BIT_CONVERSION = YES;
				GCC_WARN_ABOUT_RETURN_TYPE = YES_ERROR;
				GCC_WARN_UNDECLARED_SELECTOR = YES;
				GCC_WARN_UNINITIALIZED_AUTOS = YES_AGGRESSIVE;
				GCC_WARN_UNUSED_FUNCTION = YES;
				GCC_WARN_UNUSED_VARIABLE = YES;
				IPHONEOS_DEPLOYMENT_TARGET = 15.5;
				MTL_ENABLE_DEBUG_INFO = INCLUDE_SOURCE;
				MTL_FAST_MATH = YES;
				ONLY_ACTIVE_ARCH = YES;
				SDKROOT = iphoneos;
				SWIFT_ACTIVE_COMPILATION_CONDITIONS = DEBUG;
				SWIFT_OPTIMIZATION_LEVEL = "-Onone";
			};
			name = Debug;
		};
		A29073F128898934008FA29E /* Release */ = {
			isa = XCBuildConfiguration;
			buildSettings = {
				ALWAYS_SEARCH_USER_PATHS = NO;
				CLANG_ANALYZER_NONNULL = YES;
				CLANG_ANALYZER_NUMBER_OBJECT_CONVERSION = YES_AGGRESSIVE;
				CLANG_CXX_LANGUAGE_STANDARD = "gnu++17";
				CLANG_ENABLE_MODULES = YES;
				CLANG_ENABLE_OBJC_ARC = YES;
				CLANG_ENABLE_OBJC_WEAK = YES;
				CLANG_WARN_BLOCK_CAPTURE_AUTORELEASING = YES;
				CLANG_WARN_BOOL_CONVERSION = YES;
				CLANG_WARN_COMMA = YES;
				CLANG_WARN_CONSTANT_CONVERSION = YES;
				CLANG_WARN_DEPRECATED_OBJC_IMPLEMENTATIONS = YES;
				CLANG_WARN_DIRECT_OBJC_ISA_USAGE = YES_ERROR;
				CLANG_WARN_DOCUMENTATION_COMMENTS = YES;
				CLANG_WARN_EMPTY_BODY = YES;
				CLANG_WARN_ENUM_CONVERSION = YES;
				CLANG_WARN_INFINITE_RECURSION = YES;
				CLANG_WARN_INT_CONVERSION = YES;
				CLANG_WARN_NON_LITERAL_NULL_CONVERSION = YES;
				CLANG_WARN_OBJC_IMPLICIT_RETAIN_SELF = YES;
				CLANG_WARN_OBJC_LITERAL_CONVERSION = YES;
				CLANG_WARN_OBJC_ROOT_CLASS = YES_ERROR;
				CLANG_WARN_QUOTED_INCLUDE_IN_FRAMEWORK_HEADER = YES;
				CLANG_WARN_RANGE_LOOP_ANALYSIS = YES;
				CLANG_WARN_STRICT_PROTOTYPES = YES;
				CLANG_WARN_SUSPICIOUS_MOVE = YES;
				CLANG_WARN_UNGUARDED_AVAILABILITY = YES_AGGRESSIVE;
				CLANG_WARN_UNREACHABLE_CODE = YES;
				CLANG_WARN__DUPLICATE_METHOD_MATCH = YES;
				COPY_PHASE_STRIP = NO;
				DEBUG_INFORMATION_FORMAT = "dwarf-with-dsym";
				ENABLE_NS_ASSERTIONS = NO;
				ENABLE_STRICT_OBJC_MSGSEND = YES;
				GCC_C_LANGUAGE_STANDARD = gnu11;
				GCC_NO_COMMON_BLOCKS = YES;
				GCC_WARN_64_TO_32_BIT_CONVERSION = YES;
				GCC_WARN_ABOUT_RETURN_TYPE = YES_ERROR;
				GCC_WARN_UNDECLARED_SELECTOR = YES;
				GCC_WARN_UNINITIALIZED_AUTOS = YES_AGGRESSIVE;
				GCC_WARN_UNUSED_FUNCTION = YES;
				GCC_WARN_UNUSED_VARIABLE = YES;
				IPHONEOS_DEPLOYMENT_TARGET = 15.5;
				MTL_ENABLE_DEBUG_INFO = NO;
				MTL_FAST_MATH = YES;
				SDKROOT = iphoneos;
				SWIFT_COMPILATION_MODE = wholemodule;
				SWIFT_OPTIMIZATION_LEVEL = "-O";
				VALIDATE_PRODUCT = YES;
			};
			name = Release;
		};
		A29073F328898934008FA29E /* Debug */ = {
			isa = XCBuildConfiguration;
			buildSettings = {
				ASSETCATALOG_COMPILER_APPICON_NAME = AppIcon;
				ASSETCATALOG_COMPILER_GLOBAL_ACCENT_COLOR_NAME = AccentColor;
				CODE_SIGN_STYLE = Automatic;
				CURRENT_PROJECT_VERSION = 1;
				DEVELOPMENT_ASSET_PATHS = "\"Landmarks/Preview Content\"";
				DEVELOPMENT_TEAM = UGM86HHLZR;
				ENABLE_PREVIEWS = YES;
				GENERATE_INFOPLIST_FILE = YES;
				INFOPLIST_KEY_UIApplicationSceneManifest_Generation = YES;
				INFOPLIST_KEY_UIApplicationSupportsIndirectInputEvents = YES;
				INFOPLIST_KEY_UILaunchScreen_Generation = YES;
				INFOPLIST_KEY_UISupportedInterfaceOrientations_iPad = "UIInterfaceOrientationPortrait UIInterfaceOrientationPortraitUpsideDown UIInterfaceOrientationLandscapeLeft UIInterfaceOrientationLandscapeRight";
				INFOPLIST_KEY_UISupportedInterfaceOrientations_iPhone = "UIInterfaceOrientationPortrait UIInterfaceOrientationLandscapeLeft UIInterfaceOrientationLandscapeRight";
				LD_RUNPATH_SEARCH_PATHS = (
					"$(inherited)",
					"@executable_path/Frameworks",
				);
				MARKETING_VERSION = 1.0;
				PRODUCT_BUNDLE_IDENTIFIER = vercetti.com.Landmarks;
				PRODUCT_NAME = "$(TARGET_NAME)";
				SWIFT_EMIT_LOC_STRINGS = YES;
				SWIFT_VERSION = 5.0;
				TARGETED_DEVICE_FAMILY = "1,2";
			};
			name = Debug;
		};
		A29073F428898934008FA29E /* Release */ = {
			isa = XCBuildConfiguration;
			buildSettings = {
				ASSETCATALOG_COMPILER_APPICON_NAME = AppIcon;
				ASSETCATALOG_COMPILER_GLOBAL_ACCENT_COLOR_NAME = AccentColor;
				CODE_SIGN_STYLE = Automatic;
				CURRENT_PROJECT_VERSION = 1;
				DEVELOPMENT_ASSET_PATHS = "\"Landmarks/Preview Content\"";
				DEVELOPMENT_TEAM = UGM86HHLZR;
				ENABLE_PREVIEWS = YES;
				GENERATE_INFOPLIST_FILE = YES;
				INFOPLIST_KEY_UIApplicationSceneManifest_Generation = YES;
				INFOPLIST_KEY_UIApplicationSupportsIndirectInputEvents = YES;
				INFOPLIST_KEY_UILaunchScreen_Generation = YES;
				INFOPLIST_KEY_UISupportedInterfaceOrientations_iPad = "UIInterfaceOrientationPortrait UIInterfaceOrientationPortraitUpsideDown UIInterfaceOrientationLandscapeLeft UIInterfaceOrientationLandscapeRight";
				INFOPLIST_KEY_UISupportedInterfaceOrientations_iPhone = "UIInterfaceOrientationPortrait UIInterfaceOrientationLandscapeLeft UIInterfaceOrientationLandscapeRight";
				LD_RUNPATH_SEARCH_PATHS = (
					"$(inherited)",
					"@executable_path/Frameworks",
				);
				MARKETING_VERSION = 1.0;
				PRODUCT_BUNDLE_IDENTIFIER = vercetti.com.Landmarks;
				PRODUCT_NAME = "$(TARGET_NAME)";
				SWIFT_EMIT_LOC_STRINGS = YES;
				SWIFT_VERSION = 5.0;
				TARGETED_DEVICE_FAMILY = "1,2";
			};
			name = Release;
		};
		A29073F628898934008FA29E /* Debug */ = {
			isa = XCBuildConfiguration;
			buildSettings = {
				ALWAYS_EMBED_SWIFT_STANDARD_LIBRARIES = YES;
				BUNDLE_LOADER = "$(TEST_HOST)";
				CODE_SIGN_STYLE = Automatic;
				CURRENT_PROJECT_VERSION = 1;
				DEVELOPMENT_TEAM = UGM86HHLZR;
				GENERATE_INFOPLIST_FILE = YES;
				IPHONEOS_DEPLOYMENT_TARGET = 15.5;
				MARKETING_VERSION = 1.0;
				PRODUCT_BUNDLE_IDENTIFIER = vercetti.com.LandmarksTests;
				PRODUCT_NAME = "$(TARGET_NAME)";
				SWIFT_EMIT_LOC_STRINGS = NO;
				SWIFT_VERSION = 5.0;
				TARGETED_DEVICE_FAMILY = "1,2";
				TEST_HOST = "$(BUILT_PRODUCTS_DIR)/Landmarks.app/Landmarks";
			};
			name = Debug;
		};
		A29073F728898934008FA29E /* Release */ = {
			isa = XCBuildConfiguration;
			buildSettings = {
				ALWAYS_EMBED_SWIFT_STANDARD_LIBRARIES = YES;
				BUNDLE_LOADER = "$(TEST_HOST)";
				CODE_SIGN_STYLE = Automatic;
				CURRENT_PROJECT_VERSION = 1;
				DEVELOPMENT_TEAM = UGM86HHLZR;
				GENERATE_INFOPLIST_FILE = YES;
				IPHONEOS_DEPLOYMENT_TARGET = 15.5;
				MARKETING_VERSION = 1.0;
				PRODUCT_BUNDLE_IDENTIFIER = vercetti.com.LandmarksTests;
				PRODUCT_NAME = "$(TARGET_NAME)";
				SWIFT_EMIT_LOC_STRINGS = NO;
				SWIFT_VERSION = 5.0;
				TARGETED_DEVICE_FAMILY = "1,2";
				TEST_HOST = "$(BUILT_PRODUCTS_DIR)/Landmarks.app/Landmarks";
			};
			name = Release;
		};
		A29073F928898934008FA29E /* Debug */ = {
			isa = XCBuildConfiguration;
			buildSettings = {
				ALWAYS_EMBED_SWIFT_STANDARD_LIBRARIES = YES;
				CODE_SIGN_STYLE = Automatic;
				CURRENT_PROJECT_VERSION = 1;
				DEVELOPMENT_TEAM = UGM86HHLZR;
				GENERATE_INFOPLIST_FILE = YES;
				MARKETING_VERSION = 1.0;
				PRODUCT_BUNDLE_IDENTIFIER = vercetti.com.LandmarksUITests;
				PRODUCT_NAME = "$(TARGET_NAME)";
				SWIFT_EMIT_LOC_STRINGS = NO;
				SWIFT_VERSION = 5.0;
				TARGETED_DEVICE_FAMILY = "1,2";
				TEST_TARGET_NAME = Landmarks;
			};
			name = Debug;
		};
		A29073FA28898934008FA29E /* Release */ = {
			isa = XCBuildConfiguration;
			buildSettings = {
				ALWAYS_EMBED_SWIFT_STANDARD_LIBRARIES = YES;
				CODE_SIGN_STYLE = Automatic;
				CURRENT_PROJECT_VERSION = 1;
				DEVELOPMENT_TEAM = UGM86HHLZR;
				GENERATE_INFOPLIST_FILE = YES;
				MARKETING_VERSION = 1.0;
				PRODUCT_BUNDLE_IDENTIFIER = vercetti.com.LandmarksUITests;
				PRODUCT_NAME = "$(TARGET_NAME)";
				SWIFT_EMIT_LOC_STRINGS = NO;
				SWIFT_VERSION = 5.0;
				TARGETED_DEVICE_FAMILY = "1,2";
				TEST_TARGET_NAME = Landmarks;
			};
			name = Release;
		};
/* End XCBuildConfiguration section */

/* Begin XCConfigurationList section */
		A29073C928898933008FA29E /* Build configuration list for PBXProject "Landmarks" */ = {
			isa = XCConfigurationList;
			buildConfigurations = (
				A29073F028898934008FA29E /* Debug */,
				A29073F128898934008FA29E /* Release */,
			);
			defaultConfigurationIsVisible = 0;
			defaultConfigurationName = Release;
		};
		A29073F228898934008FA29E /* Build configuration list for PBXNativeTarget "Landmarks" */ = {
			isa = XCConfigurationList;
			buildConfigurations = (
				A29073F328898934008FA29E /* Debug */,
				A29073F428898934008FA29E /* Release */,
			);
			defaultConfigurationIsVisible = 0;
			defaultConfigurationName = Release;
		};
		A29073F528898934008FA29E /* Build configuration list for PBXNativeTarget "LandmarksTests" */ = {
			isa = XCConfigurationList;
			buildConfigurations = (
				A29073F628898934008FA29E /* Debug */,
				A29073F728898934008FA29E /* Release */,
			);
			defaultConfigurationIsVisible = 0;
			defaultConfigurationName = Release;
		};
		A29073F828898934008FA29E /* Build configuration list for PBXNativeTarget "LandmarksUITests" */ = {
			isa = XCConfigurationList;
			buildConfigurations = (
				A29073F928898934008FA29E /* Debug */,
				A29073FA28898934008FA29E /* Release */,
			);
			defaultConfigurationIsVisible = 0;
			defaultConfigurationName = Release;
		};
/* End XCConfigurationList section */
	};
	rootObject = A29073C628898933008FA29E /* Project object */;
}
